
Microsoft Visual Studio Solution File, Format Version 12.00
# Visual Studio Version 17
VisualStudioVersion = 17.4.33122.133
MinimumVisualStudioVersion = 10.0.40219.1
Project("{FAE04EC0-301F-11D3-BF4B-00C04F79EFBC}") = "Roman", "Roman\Roman.csproj", "{3FF2E4C5-1633-4ED2-BE4D-4C8DBD2A1179}"
EndProject
Global
	GlobalSection(SolutionConfigurationPlatforms) = preSolution
		Debug|Any CPU = Debug|Any CPU
		Release|Any CPU = Release|Any CPU
	EndGlobalSection
	GlobalSection(ProjectConfigurationPlatforms) = postSolution
		{3FF2E4C5-1633-4ED2-BE4D-4C8DBD2A1179}.Debug|Any CPU.ActiveCfg = Debug|Any CPU
		{3FF2E4C5-1633-4ED2-BE4D-4C8DBD2A1179}.Debug|Any CPU.Build.0 = Debug|Any CPU
		{3FF2E4C5-1633-4ED2-BE4D-4C8DBD2A1179}.Release|Any CPU.ActiveCfg = Release|Any CPU
		{3FF2E4C5-1633-4ED2-BE4D-4C8DBD2A1179}.Release|Any CPU.Build.0 = Release|Any CPU
	EndGlobalSection
	GlobalSection(SolutionProperties) = preSolution
		HideSolutionNode = FALSE
	EndGlobalSection
	GlobalSection(ExtensibilityGlobals) = postSolution
		SolutionGuid = {5A72BBAB-8813-44B8-8F39-0557D355F13F}
	EndGlobalSection
EndGlobal
